
Microsoft Visual Studio Solution File, Format Version 12.00
# Visual Studio Version 16
VisualStudioVersion = 16.0.30011.22
MinimumVisualStudioVersion = 10.0.40219.1
Project("{FAE04EC0-301F-11D3-BF4B-00C04F79EFBC}") = "ToDoApp.Android", "ToDoApp\ToDoApp.Android\ToDoApp.Android.csproj", "{F482B10D-04CC-4AFD-83DD-CDA54D2BD0D6}"
EndProject
Project("{FAE04EC0-301F-11D3-BF4B-00C04F79EFBC}") = "ToDoApp.iOS", "ToDoApp\ToDoApp.iOS\ToDoApp.iOS.csproj", "{F03A5A95-E2DF-4021-A148-7C0F0A9E6C53}"
EndProject
Project("{FAE04EC0-301F-11D3-BF4B-00C04F79EFBC}") = "ToDoApp", "ToDoApp\ToDoApp\ToDoApp.csproj", "{323D7523-A2A6-43A0-A2A1-0F99BE1FA858}"
EndProject
Global
	GlobalSection(SolutionConfigurationPlatforms) = preSolution
		Debug|Any CPU = Debug|Any CPU
		Debug|iPhone = Debug|iPhone
		Debug|iPhoneSimulator = Debug|iPhoneSimulator
		Release|Any CPU = Release|Any CPU
		Release|iPhone = Release|iPhone
		Release|iPhoneSimulator = Release|iPhoneSimulator
	EndGlobalSection
	GlobalSection(ProjectConfigurationPlatforms) = postSolution
		{F482B10D-04CC-4AFD-83DD-CDA54D2BD0D6}.Debug|Any CPU.ActiveCfg = Debug|Any CPU
		{F482B10D-04CC-4AFD-83DD-CDA54D2BD0D6}.Debug|Any CPU.Build.0 = Debug|Any CPU
		{F482B10D-04CC-4AFD-83DD-CDA54D2BD0D6}.Debug|Any CPU.Deploy.0 = Debug|Any CPU
		{F482B10D-04CC-4AFD-83DD-CDA54D2BD0D6}.Debug|iPhone.ActiveCfg = Debug|Any CPU
		{F482B10D-04CC-4AFD-83DD-CDA54D2BD0D6}.Debug|iPhone.Build.0 = Debug|Any CPU
		{F482B10D-04CC-4AFD-83DD-CDA54D2BD0D6}.Debug|iPhone.Deploy.0 = Debug|Any CPU
		{F482B10D-04CC-4AFD-83DD-CDA54D2BD0D6}.Debug|iPhoneSimulator.ActiveCfg = Debug|Any CPU
		{F482B10D-04CC-4AFD-83DD-CDA54D2BD0D6}.Debug|iPhoneSimulator.Build.0 = Debug|Any CPU
		{F482B10D-04CC-4AFD-83DD-CDA54D2BD0D6}.Debug|iPhoneSimulator.Deploy.0 = Debug|Any CPU
		{F482B10D-04CC-4AFD-83DD-CDA54D2BD0D6}.Release|Any CPU.ActiveCfg = Release|Any CPU
		{F482B10D-04CC-4AFD-83DD-CDA54D2BD0D6}.Release|Any CPU.Build.0 = Release|Any CPU
		{F482B10D-04CC-4AFD-83DD-CDA54D2BD0D6}.Release|Any CPU.Deploy.0 = Release|Any CPU
		{F482B10D-04CC-4AFD-83DD-CDA54D2BD0D6}.Release|iPhone.ActiveCfg = Release|Any CPU
		{F482B10D-04CC-4AFD-83DD-CDA54D2BD0D6}.Release|iPhone.Build.0 = Release|Any CPU
		{F482B10D-04CC-4AFD-83DD-CDA54D2BD0D6}.Release|iPhone.Deploy.0 = Release|Any CPU
		{F482B10D-04CC-4AFD-83DD-CDA54D2BD0D6}.Release|iPhoneSimulator.ActiveCfg = Release|Any CPU
		{F482B10D-04CC-4AFD-83DD-CDA54D2BD0D6}.Release|iPhoneSimulator.Build.0 = Release|Any CPU
		{F482B10D-04CC-4AFD-83DD-CDA54D2BD0D6}.Release|iPhoneSimulator.Deploy.0 = Release|Any CPU
		{F03A5A95-E2DF-4021-A148-7C0F0A9E6C53}.Debug|Any CPU.ActiveCfg = Debug|iPhone
		{F03A5A95-E2DF-4021-A148-7C0F0A9E6C53}.Debug|Any CPU.Build.0 = Debug|iPhone
		{F03A5A95-E2DF-4021-A148-7C0F0A9E6C53}.Debug|Any CPU.Deploy.0 = Debug|iPhone
		{F03A5A95-E2DF-4021-A148-7C0F0A9E6C53}.Debug|iPhone.ActiveCfg = Debug|iPhone
		{F03A5A95-E2DF-4021-A148-7C0F0A9E6C53}.Debug|iPhone.Build.0 = Debug|iPhone
		{F03A5A95-E2DF-4021-A148-7C0F0A9E6C53}.Debug|iPhone.Deploy.0 = Debug|iPhone
		{F03A5A95-E2DF-4021-A148-7C0F0A9E6C53}.Debug|iPhoneSimulator.ActiveCfg = Debug|iPhoneSimulator
		{F03A5A95-E2DF-4021-A148-7C0F0A9E6C53}.Debug|iPhoneSimulator.Build.0 = Debug|iPhoneSimulator
		{F03A5A95-E2DF-4021-A148-7C0F0A9E6C53}.Debug|iPhoneSimulator.Deploy.0 = Debug|iPhoneSimulator
		{F03A5A95-E2DF-4021-A148-7C0F0A9E6C53}.Release|Any CPU.ActiveCfg = Release|iPhone
		{F03A5A95-E2DF-4021-A148-7C0F0A9E6C53}.Release|Any CPU.Build.0 = Release|iPhone
		{F03A5A95-E2DF-4021-A148-7C0F0A9E6C53}.Release|Any CPU.Deploy.0 = Release|iPhone
		{F03A5A95-E2DF-4021-A148-7C0F0A9E6C53}.Release|iPhone.ActiveCfg = Release|iPhone
		{F03A5A95-E2DF-4021-A148-7C0F0A9E6C53}.Release|iPhone.Build.0 = Release|iPhone
		{F03A5A95-E2DF-4021-A148-7C0F0A9E6C53}.Release|iPhone.Deploy.0 = Release|iPhone
		{F03A5A95-E2DF-4021-A148-7C0F0A9E6C53}.Release|iPhoneSimulator.ActiveCfg = Release|iPhoneSimulator
		{F03A5A95-E2DF-4021-A148-7C0F0A9E6C53}.Release|iPhoneSimulator.Build.0 = Release|iPhoneSimulator
		{F03A5A95-E2DF-4021-A148-7C0F0A9E6C53}.Release|iPhoneSimulator.Deploy.0 = Release|iPhoneSimulator
		{323D7523-A2A6-43A0-A2A1-0F99BE1FA858}.Debug|Any CPU.ActiveCfg = Debug|Any CPU
		{323D7523-A2A6-43A0-A2A1-0F99BE1FA858}.Debug|Any CPU.Build.0 = Debug|Any CPU
		{323D7523-A2A6-43A0-A2A1-0F99BE1FA858}.Debug|Any CPU.Deploy.0 = Debug|Any CPU
		{323D7523-A2A6-43A0-A2A1-0F99BE1FA858}.Debug|iPhone.ActiveCfg = Debug|Any CPU
		{323D7523-A2A6-43A0-A2A1-0F99BE1FA858}.Debug|iPhone.Build.0 = Debug|Any CPU
		{323D7523-A2A6-43A0-A2A1-0F99BE1FA858}.Debug|iPhone.Deploy.0 = Debug|Any CPU
		{323D7523-A2A6-43A0-A2A1-0F99BE1FA858}.Debug|iPhoneSimulator.ActiveCfg = Debug|Any CPU
		{323D7523-A2A6-43A0-A2A1-0F99BE1FA858}.Debug|iPhoneSimulator.Build.0 = Debug|Any CPU
		{323D7523-A2A6-43A0-A2A1-0F99BE1FA858}.Debug|iPhoneSimulator.Deploy.0 = Debug|Any CPU
		{323D7523-A2A6-43A0-A2A1-0F99BE1FA858}.Release|Any CPU.ActiveCfg = Release|Any CPU
		{323D7523-A2A6-43A0-A2A1-0F99BE1FA858}.Release|Any CPU.Build.0 = Release|Any CPU
		{323D7523-A2A6-43A0-A2A1-0F99BE1FA858}.Release|Any CPU.Deploy.0 = Release|Any CPU
		{323D7523-A2A6-43A0-A2A1-0F99BE1FA858}.Release|iPhone.ActiveCfg = Release|Any CPU
		{323D7523-A2A6-43A0-A2A1-0F99BE1FA858}.Release|iPhone.Build.0 = Release|Any CPU
		{323D7523-A2A6-43A0-A2A1-0F99BE1FA858}.Release|iPhone.Deploy.0 = Release|Any CPU
		{323D7523-A2A6-43A0-A2A1-0F99BE1FA858}.Release|iPhoneSimulator.ActiveCfg = Release|Any CPU
		{323D7523-A2A6-43A0-A2A1-0F99BE1FA858}.Release|iPhoneSimulator.Build.0 = Release|Any CPU
		{323D7523-A2A6-43A0-A2A1-0F99BE1FA858}.Release|iPhoneSimulator.Deploy.0 = Release|Any CPU
	EndGlobalSection
	GlobalSection(SolutionProperties) = preSolution
		HideSolutionNode = FALSE
	EndGlobalSection
	GlobalSection(ExtensibilityGlobals) = postSolution
		SolutionGuid = {3E334A1F-1865-4217-937F-B36B59AF242C}
	EndGlobalSection
EndGlobal
